
Microsoft Visual Studio Solution File, Format Version 12.00
# Visual Studio Version 17
VisualStudioVersion = 17.4.33205.214
MinimumVisualStudioVersion = 10.0.40219.1
Project("{FAE04EC0-301F-11D3-BF4B-00C04F79EFBC}") = "BartenderApp", "BartenderApp\BartenderApp.csproj", "{7CEB027F-3F25-481A-A96B-0DA85A2539EF}"
EndProject
Global
	GlobalSection(SolutionConfigurationPlatforms) = preSolution
		Debug|Any CPU = Debug|Any CPU
		Release|Any CPU = Release|Any CPU
	EndGlobalSection
	GlobalSection(ProjectConfigurationPlatforms) = postSolution
		{7CEB027F-3F25-481A-A96B-0DA85A2539EF}.Debug|Any CPU.ActiveCfg = Debug|Any CPU
		{7CEB027F-3F25-481A-A96B-0DA85A2539EF}.Debug|Any CPU.Build.0 = Debug|Any CPU
		{7CEB027F-3F25-481A-A96B-0DA85A2539EF}.Release|Any CPU.ActiveCfg = Release|Any CPU
		{7CEB027F-3F25-481A-A96B-0DA85A2539EF}.Release|Any CPU.Build.0 = Release|Any CPU
	EndGlobalSection
	GlobalSection(SolutionProperties) = preSolution
		HideSolutionNode = FALSE
	EndGlobalSection
	GlobalSection(ExtensibilityGlobals) = postSolution
		SolutionGuid = {EB93438F-9A8B-469F-A5C7-7C8937AACF33}
	EndGlobalSection
EndGlobal
